
Microsoft Visual Studio Solution File, Format Version 12.00
# Visual Studio Version 16
VisualStudioVersion = 16.0.30907.101
MinimumVisualStudioVersion = 10.0.40219.1
Project("{FAE04EC0-301F-11D3-BF4B-00C04F79EFBC}") = "Product.WebAPI", "ExemploGateway\Product.WebAPI.csproj", "{89B66FF1-FF9C-4FF8-94BE-1D6059AE6183}"
EndProject
Project("{FAE04EC0-301F-11D3-BF4B-00C04F79EFBC}") = "Payment.WebAPI", "Payment.WebAPI\Payment.WebAPI.csproj", "{D38997F6-7B9C-42E4-A88C-A1F5B9774195}"
EndProject
Project("{FAE04EC0-301F-11D3-BF4B-00C04F79EFBC}") = "OcelotAPIGateway", "OcelotAPIGateway\OcelotAPIGateway.csproj", "{66CAED3C-F350-4DA3-9E7E-B491E664D8EC}"
EndProject
Global
	GlobalSection(SolutionConfigurationPlatforms) = preSolution
		Debug|Any CPU = Debug|Any CPU
		Release|Any CPU = Release|Any CPU
	EndGlobalSection
	GlobalSection(ProjectConfigurationPlatforms) = postSolution
		{89B66FF1-FF9C-4FF8-94BE-1D6059AE6183}.Debug|Any CPU.ActiveCfg = Debug|Any CPU
		{89B66FF1-FF9C-4FF8-94BE-1D6059AE6183}.Debug|Any CPU.Build.0 = Debug|Any CPU
		{89B66FF1-FF9C-4FF8-94BE-1D6059AE6183}.Release|Any CPU.ActiveCfg = Release|Any CPU
		{89B66FF1-FF9C-4FF8-94BE-1D6059AE6183}.Release|Any CPU.Build.0 = Release|Any CPU
		{D38997F6-7B9C-42E4-A88C-A1F5B9774195}.Debug|Any CPU.ActiveCfg = Debug|Any CPU
		{D38997F6-7B9C-42E4-A88C-A1F5B9774195}.Debug|Any CPU.Build.0 = Debug|Any CPU
		{D38997F6-7B9C-42E4-A88C-A1F5B9774195}.Release|Any CPU.ActiveCfg = Release|Any CPU
		{D38997F6-7B9C-42E4-A88C-A1F5B9774195}.Release|Any CPU.Build.0 = Release|Any CPU
		{66CAED3C-F350-4DA3-9E7E-B491E664D8EC}.Debug|Any CPU.ActiveCfg = Debug|Any CPU
		{66CAED3C-F350-4DA3-9E7E-B491E664D8EC}.Debug|Any CPU.Build.0 = Debug|Any CPU
		{66CAED3C-F350-4DA3-9E7E-B491E664D8EC}.Release|Any CPU.ActiveCfg = Release|Any CPU
		{66CAED3C-F350-4DA3-9E7E-B491E664D8EC}.Release|Any CPU.Build.0 = Release|Any CPU
	EndGlobalSection
	GlobalSection(SolutionProperties) = preSolution
		HideSolutionNode = FALSE
	EndGlobalSection
	GlobalSection(ExtensibilityGlobals) = postSolution
		SolutionGuid = {5F620D47-5AEB-4453-901A-622A7C43E9DB}
	EndGlobalSection
EndGlobal
